// !$*UTF8*$!
{
	archiveVersion = 1;
	classes = {
	};
	objectVersion = 50;
	objects = {

/* Begin PBXBuildFile section */
		D36EA035240A57A100BFCECB /* AppDelegate.swift in Sources */ = {isa = PBXBuildFile; fileRef = D36EA034240A57A100BFCECB /* AppDelegate.swift */; };
		D36EA037240A57A100BFCECB /* SceneDelegate.swift in Sources */ = {isa = PBXBuildFile; fileRef = D36EA036240A57A100BFCECB /* SceneDelegate.swift */; };
		D36EA039240A57A100BFCECB /* ContentView.swift in Sources */ = {isa = PBXBuildFile; fileRef = D36EA038240A57A100BFCECB /* ContentView.swift */; };
		D36EA03B240A57A200BFCECB /* Assets.xcassets in Resources */ = {isa = PBXBuildFile; fileRef = D36EA03A240A57A200BFCECB /* Assets.xcassets */; };
		D36EA03E240A57A200BFCECB /* Preview Assets.xcassets in Resources */ = {isa = PBXBuildFile; fileRef = D36EA03D240A57A200BFCECB /* Preview Assets.xcassets */; };
		D36EA041240A57A200BFCECB /* LaunchScreen.storyboard in Resources */ = {isa = PBXBuildFile; fileRef = D36EA03F240A57A200BFCECB /* LaunchScreen.storyboard */; };
/* End PBXBuildFile section */

/* Begin PBXFileReference section */
		D36EA031240A57A100BFCECB /* LongPressGestureSample.app */ = {isa = PBXFileReference; explicitFileType = wrapper.application; includeInIndex = 0; path = LongPressGestureSample.app; sourceTree = BUILT_PRODUCTS_DIR; };
		D36EA034240A57A100BFCECB /* AppDelegate.swift */ = {isa = PBXFileReference; lastKnownFileType = sourcecode.swift; path = AppDelegate.swift; sourceTree = "<group>"; };
		D36EA036240A57A100BFCECB /* SceneDelegate.swift */ = {isa = PBXFileReference; lastKnownFileType = sourcecode.swift; path = SceneDelegate.swift; sourceTree = "<group>"; };
		D36EA038240A57A100BFCECB /* ContentView.swift */ = {isa = PBXFileReference; lastKnownFileType = sourcecode.swift; path = ContentView.swift; sourceTree = "<group>"; };
		D36EA03A240A57A200BFCECB /* Assets.xcassets */ = {isa = PBXFileReference; lastKnownFileType = folder.assetcatalog; path = Assets.xcassets; sourceTree = "<group>"; };
		D36EA03D240A57A200BFCECB /* Preview Assets.xcassets */ = {isa = PBXFileReference; lastKnownFileType = folder.assetcatalog; path = "Preview Assets.xcassets"; sourceTree = "<group>"; };
		D36EA040240A57A200BFCECB /* Base */ = {isa = PBXFileReference; lastKnownFileType = file.storyboard; name = Base; path = Base.lproj/LaunchScreen.storyboard; sourceTree = "<group>"; };
		D36EA042240A57A200BFCECB /* Info.plist */ = {isa = PBXFileReference; lastKnownFileType = text.plist.xml; path = Info.plist; sourceTree = "<group>"; };
/* End PBXFileReference section */

/* Begin PBXFrameworksBuildPhase section */
		D36EA02E240A57A100BFCECB /* Frameworks */ = {
			isa = PBXFrameworksBuildPhase;
			buildActionMask = 2147483647;
			files = (
			);
			runOnlyForDeploymentPostprocessing = 0;
		};
/* End PBXFrameworksBuildPhase section */

/* Begin PBXGroup section */
		D36EA028240A57A100BFCECB = {
			isa = PBXGroup;
			children = (
				D36EA033240A57A100BFCECB /* LongPressGestureSample */,
				D36EA032240A57A100BFCECB /* Products */,
			);
			sourceTree = "<group>";
		};
		D36EA032240A57A100BFCECB /* Products */ = {
			isa = PBXGroup;
			children = (
				D36EA031240A57A100BFCECB /* LongPressGestureSample.app */,
			);
			name = Products;
			sourceTree = "<group>";
		};
		D36EA033240A57A100BFCECB /* LongPressGestureSample */ = {
			isa = PBXGroup;
			children = (
				D36EA034240A57A100BFCECB /* AppDelegate.swift */,
				D36EA036240A57A100BFCECB /* SceneDelegate.swift */,
				D36EA038240A57A100BFCECB /* ContentView.swift */,
				D36EA03A240A57A200BFCECB /* Assets.xcassets */,
				D36EA03F240A57A200BFCECB /* LaunchScreen.storyboard */,
				D36EA042240A57A200BFCECB /* Info.plist */,
				D36EA03C240A57A200BFCECB /* Preview Content */,
			);
			path = LongPressGestureSample;
			sourceTree = "<group>";
		};
		D36EA03C240A57A200BFCECB /* Preview Content */ = {
			isa = PBXGroup;
			children = (
				D36EA03D240A57A200BFCECB /* Preview Assets.xcassets */,
			);
			path = "Preview Content";
			sourceTree = "<group>";
		};
/* End PBXGroup section */

/* Begin PBXNativeTarget section */
		D36EA030240A57A100BFCECB /* LongPressGestureSample */ = {
			isa = PBXNativeTarget;
			buildConfigurationList = D36EA045240A57A200BFCECB /* Build configuration list for PBXNativeTarget "LongPressGestureSample" */;
			buildPhases = (
				D36EA02D240A57A100BFCECB /* Sources */,
				D36EA02E240A57A100BFCECB /* Frameworks */,
				D36EA02F240A57A100BFCECB /* Resources */,
			);
			buildRules = (
			);
			dependencies = (
			);
			name = LongPressGestureSample;
			productName = LongPressGestureSample;
			productReference = D36EA031240A57A100BFCECB /* LongPressGestureSample.app */;
			productType = "com.apple.product-type.application";
		};
/* End PBXNativeTarget section */

/* Begin PBXProject section */
		D36EA029240A57A100BFCECB /* Project object */ = {
			isa = PBXProject;
			attributes = {
				LastSwiftUpdateCheck = 1130;
				LastUpgradeCheck = 1130;
				ORGANIZATIONNAME = "Ju Young Jung";
				TargetAttributes = {
					D36EA030240A57A100BFCECB = {
						CreatedOnToolsVersion = 11.3.1;
					};
				};
			};
			buildConfigurationList = D36EA02C240A57A100BFCECB /* Build configuration list for PBXProject "LongPressGestureSample" */;
			compatibilityVersion = "Xcode 9.3";
			developmentRegion = en;
			hasScannedForEncodings = 0;
			knownRegions = (
				en,
				Base,
			);
			mainGroup = D36EA028240A57A100BFCECB;
			productRefGroup = D36EA032240A57A100BFCECB /* Products */;
			projectDirPath = "";
			projectRoot = "";
			targets = (
				D36EA030240A57A100BFCECB /* LongPressGestureSample */,
			);
		};
/* End PBXProject section */

/* Begin PBXResourcesBuildPhase section */
		D36EA02F240A57A100BFCECB /* Resources */ = {
			isa = PBXResourcesBuildPhase;
			buildActionMask = 2147483647;
			files = (
				D36EA041240A57A200BFCECB /* LaunchScreen.storyboard in Resources */,
				D36EA03E240A57A200BFCECB /* Preview Assets.xcassets in Resources */,
				D36EA03B240A57A200BFCECB /* Assets.xcassets in Resources */,
			);
			runOnlyForDeploymentPostprocessing = 0;
		};
/* End PBXResourcesBuildPhase section */

/* Begin PBXSourcesBuildPhase section */
		D36EA02D240A57A100BFCECB /* Sources */ = {
			isa = PBXSourcesBuildPhase;
			buildActionMask = 2147483647;
			files = (
				D36EA035240A57A100BFCECB /* AppDelegate.swift in Sources */,
				D36EA037240A57A100BFCECB /* SceneDelegate.swift in Sources */,
				D36EA039240A57A100BFCECB /* ContentView.swift in Sources */,
			);
			runOnlyForDeploymentPostprocessing = 0;
		};
/* End PBXSourcesBuildPhase section */

/* Begin PBXVariantGroup section */
		D36EA03F240A57A200BFCECB /* LaunchScreen.storyboard */ = {
			isa = PBXVariantGroup;
			children = (
				D36EA040240A57A200BFCECB /* Base */,
			);
			name = LaunchScreen.storyboard;
			sourceTree = "<group>";
		};
/* End PBXVariantGroup section */

/* Begin XCBuildConfiguration section */
		D36EA043240A57A200BFCECB /* Debug */ = {
			isa = XCBuildConfiguration;
			buildSettings = {
				ALWAYS_SEARCH_USER_PATHS = NO;
				CLANG_ANALYZER_NONNULL = YES;
				CLANG_ANALYZER_NUMBER_OBJECT_CONVERSION = YES_AGGRESSIVE;
				CLANG_CXX_LANGUAGE_STANDARD = "gnu++14";
				CLANG_CXX_LIBRARY = "libc++";
				CLANG_ENABLE_MODULES = YES;
				CLANG_ENABLE_OBJC_ARC = YES;
				CLANG_ENABLE_OBJC_WEAK = YES;
				CLANG_WARN_BLOCK_CAPTURE_AUTORELEASING = YES;
				CLANG_WARN_BOOL_CONVERSION = YES;
				CLANG_WARN_COMMA = YES;
				CLANG_WARN_CONSTANT_CONVERSION = YES;
				CLANG_WARN_DEPRECATED_OBJC_IMPLEMENTATIONS = YES;
				CLANG_WARN_DIRECT_OBJC_ISA_USAGE = YES_ERROR;
				CLANG_WARN_DOCUMENTATION_COMMENTS = YES;
				CLANG_WARN_EMPTY_BODY = YES;
				CLANG_WARN_ENUM_CONVERSION = YES;
				CLANG_WARN_INFINITE_RECURSION = YES;
				CLANG_WARN_INT_CONVERSION = YES;
				CLANG_WARN_NON_LITERAL_NULL_CONVERSION = YES;
				CLANG_WARN_OBJC_IMPLICIT_RETAIN_SELF = YES;
				CLANG_WARN_OBJC_LITERAL_CONVERSION = YES;
				CLANG_WARN_OBJC_ROOT_CLASS = YES_ERROR;
				CLANG_WARN_RANGE_LOOP_ANALYSIS = YES;
				CLANG_WARN_STRICT_PROTOTYPES = YES;
				CLANG_WARN_SUSPICIOUS_MOVE = YES;
				CLANG_WARN_UNGUARDED_AVAILABILITY = YES_AGGRESSIVE;
				CLANG_WARN_UNREACHABLE_CODE = YES;
				CLANG_WARN__DUPLICATE_METHOD_MATCH = YES;
				COPY_PHASE_STRIP = NO;
				DEBUG_INFORMATION_FORMAT = dwarf;
				ENABLE_STRICT_OBJC_MSGSEND = YES;
				ENABLE_TESTABILITY = YES;
				GCC_C_LANGUAGE_STANDARD = gnu11;
				GCC_DYNAMIC_NO_PIC = NO;
				GCC_NO_COMMON_BLOCKS = YES;
				GCC_OPTIMIZATION_LEVEL = 0;
				GCC_PREPROCESSOR_DEFINITIONS = (
					"DEBUG=1",
					"$(inherited)",
				);
				GCC_WARN_64_TO_32_BIT_CONVERSION = YES;
				GCC_WARN_ABOUT_RETURN_TYPE = YES_ERROR;
				GCC_WARN_UNDECLARED_SELECTOR = YES;
				GCC_WARN_UNINITIALIZED_AUTOS = YES_AGGRESSIVE;
				GCC_WARN_UNUSED_FUNCTION = YES;
				GCC_WARN_UNUSED_VARIABLE = YES;
				IPHONEOS_DEPLOYMENT_TARGET = 13.2;
				MTL_ENABLE_DEBUG_INFO = INCLUDE_SOURCE;
				MTL_FAST_MATH = YES;
				ONLY_ACTIVE_ARCH = YES;
				SDKROOT = iphoneos;
				SWIFT_ACTIVE_COMPILATION_CONDITIONS = DEBUG;
				SWIFT_OPTIMIZATION_LEVEL = "-Onone";
			};
			name = Debug;
		};
		D36EA044240A57A200BFCECB /* Release */ = {
			isa = XCBuildConfiguration;
			buildSettings = {
				ALWAYS_SEARCH_USER_PATHS = NO;
				CLANG_ANALYZER_NONNULL = YES;
				CLANG_ANALYZER_NUMBER_OBJECT_CONVERSION = YES_AGGRESSIVE;
				CLANG_CXX_LANGUAGE_STANDARD = "gnu++14";
				CLANG_CXX_LIBRARY = "libc++";
				CLANG_ENABLE_MODULES = YES;
				CLANG_ENABLE_OBJC_ARC = YES;
				CLANG_ENABLE_OBJC_WEAK = YES;
				CLANG_WARN_BLOCK_CAPTURE_AUTORELEASING = YES;
				CLANG_WARN_BOOL_CONVERSION = YES;
				CLANG_WARN_COMMA = YES;
				CLANG_WARN_CONSTANT_CONVERSION = YES;
				CLANG_WARN_DEPRECATED_OBJC_IMPLEMENTATIONS = YES;
				CLANG_WARN_DIRECT_OBJC_ISA_USAGE = YES_ERROR;
				CLANG_WARN_DOCUMENTATION_COMMENTS = YES;
				CLANG_WARN_EMPTY_BODY = YES;
				CLANG_WARN_ENUM_CONVERSION = YES;
				CLANG_WARN_INFINITE_RECURSION = YES;
				CLANG_WARN_INT_CONVERSION = YES;
				CLANG_WARN_NON_LITERAL_NULL_CONVERSION = YES;
				CLANG_WARN_OBJC_IMPLICIT_RETAIN_SELF = YES;
				CLANG_WARN_OBJC_LITERAL_CONVERSION = YES;
				CLANG_WARN_OBJC_ROOT_CLASS = YES_ERROR;
				CLANG_WARN_RANGE_LOOP_ANALYSIS = YES;
				CLANG_WARN_STRICT_PROTOTYPES = YES;
				CLANG_WARN_SUSPICIOUS_MOVE = YES;
				CLANG_WARN_UNGUARDED_AVAILABILITY = YES_AGGRESSIVE;
				CLANG_WARN_UNREACHABLE_CODE = YES;
				CLANG_WARN__DUPLICATE_METHOD_MATCH = YES;
				COPY_PHASE_STRIP = NO;
				DEBUG_INFORMATION_FORMAT = "dwarf-with-dsym";
				ENABLE_NS_ASSERTIONS = NO;
				ENABLE_STRICT_OBJC_MSGSEND = YES;
				GCC_C_LANGUAGE_STANDARD = gnu11;
				GCC_NO_COMMON_BLOCKS = YES;
				GCC_WARN_64_TO_32_BIT_CONVERSION = YES;
				GCC_WARN_ABOUT_RETURN_TYPE = YES_ERROR;
				GCC_WARN_UNDECLARED_SELECTOR = YES;
				GCC_WARN_UNINITIALIZED_AUTOS = YES_AGGRESSIVE;
				GCC_WARN_UNUSED_FUNCTION = YES;
				GCC_WARN_UNUSED_VARIABLE = YES;
				IPHONEOS_DEPLOYMENT_TARGET = 13.2;
				MTL_ENABLE_DEBUG_INFO = NO;
				MTL_FAST_MATH = YES;
				SDKROOT = iphoneos;
				SWIFT_COMPILATION_MODE = wholemodule;
				SWIFT_OPTIMIZATION_LEVEL = "-O";
				VALIDATE_PRODUCT = YES;
			};
			name = Release;
		};
		D36EA046240A57A200BFCECB /* Debug */ = {
			isa = XCBuildConfiguration;
			buildSettings = {
				ASSETCATALOG_COMPILER_APPICON_NAME = AppIcon;
				CODE_SIGN_STYLE = Automatic;
				DEVELOPMENT_ASSET_PATHS = "\"LongPressGestureSample/Preview Content\"";
				DEVELOPMENT_TEAM = GLLF8U86V2;
				ENABLE_PREVIEWS = YES;
				INFOPLIST_FILE = LongPressGestureSample/Info.plist;
				LD_RUNPATH_SEARCH_PATHS = (
					"$(inherited)",
					"@executable_path/Frameworks",
				);
				PRODUCT_BUNDLE_IDENTIFIER = com.iDev0.LongPressGestureSample;
				PRODUCT_NAME = "$(TARGET_NAME)";
				SWIFT_VERSION = 5.0;
				TARGETED_DEVICE_FAMILY = "1,2";
			};
			name = Debug;
		};
		D36EA047240A57A200BFCECB /* Release */ = {
			isa = XCBuildConfiguration;
			buildSettings = {
				ASSETCATALOG_COMPILER_APPICON_NAME = AppIcon;
				CODE_SIGN_STYLE = Automatic;
				DEVELOPMENT_ASSET_PATHS = "\"LongPressGestureSample/Preview Content\"";
				DEVELOPMENT_TEAM = GLLF8U86V2;
				ENABLE_PREVIEWS = YES;
				INFOPLIST_FILE = LongPressGestureSample/Info.plist;
				LD_RUNPATH_SEARCH_PATHS = (
					"$(inherited)",
					"@executable_path/Frameworks",
				);
				PRODUCT_BUNDLE_IDENTIFIER = com.iDev0.LongPressGestureSample;
				PRODUCT_NAME = "$(TARGET_NAME)";
				SWIFT_VERSION = 5.0;
				TARGETED_DEVICE_FAMILY = "1,2";
			};
			name = Release;
		};
/* End XCBuildConfiguration section */

/* Begin XCConfigurationList section */
		D36EA02C240A57A100BFCECB /* Build configuration list for PBXProject "LongPressGestureSample" */ = {
			isa = XCConfigurationList;
			buildConfigurations = (
				D36EA043240A57A200BFCECB /* Debug */,
				D36EA044240A57A200BFCECB /* Release */,
			);
			defaultConfigurationIsVisible = 0;
			defaultConfigurationName = Release;
		};
		D36EA045240A57A200BFCECB /* Build configuration list for PBXNativeTarget "LongPressGestureSample" */ = {
			isa = XCConfigurationList;
			buildConfigurations = (
				D36EA046240A57A200BFCECB /* Debug */,
				D36EA047240A57A200BFCECB /* Release */,
			);
			defaultConfigurationIsVisible = 0;
			defaultConfigurationName = Release;
		};
/* End XCConfigurationList section */
	};
	rootObject = D36EA029240A57A100BFCECB /* Project object */;
}
